
Microsoft Visual Studio Solution File, Format Version 12.00
# Visual Studio 15
VisualStudioVersion = 15.0.27130.2003
MinimumVisualStudioVersion = 10.0.40219.1
Project("{8BC9CEB8-8B4A-11D0-8D11-00A0C91BC942}") = "AnimateFocus", "AnimateFocus.vcxproj", "{085D90B7-A846-4CA3-AC01-1E054326E452}"
EndProject
Global
	GlobalSection(SolutionConfigurationPlatforms) = preSolution
		Debug|x64 = Debug|x64
		Debug|x86 = Debug|x86
		Release|x64 = Release|x64
		Release|x86 = Release|x86
	EndGlobalSection
	GlobalSection(ProjectConfigurationPlatforms) = postSolution
		{085D90B7-A846-4CA3-AC01-1E054326E452}.Debug|x64.ActiveCfg = Debug|x64
		{085D90B7-A846-4CA3-AC01-1E054326E452}.Debug|x64.Build.0 = Debug|x64
		{085D90B7-A846-4CA3-AC01-1E054326E452}.Debug|x86.ActiveCfg = Debug|Win32
		{085D90B7-A846-4CA3-AC01-1E054326E452}.Debug|x86.Build.0 = Debug|Win32
		{085D90B7-A846-4CA3-AC01-1E054326E452}.Release|x64.ActiveCfg = Release|x64
		{085D90B7-A846-4CA3-AC01-1E054326E452}.Release|x64.Build.0 = Release|x64
		{085D90B7-A846-4CA3-AC01-1E054326E452}.Release|x86.ActiveCfg = Release|Win32
		{085D90B7-A846-4CA3-AC01-1E054326E452}.Release|x86.Build.0 = Release|Win32
	EndGlobalSection
	GlobalSection(SolutionProperties) = preSolution
		HideSolutionNode = FALSE
	EndGlobalSection
	GlobalSection(ExtensibilityGlobals) = postSolution
		SolutionGuid = {71ABF6A5-311F-4478-8D2C-B14A1741CCEA}
	EndGlobalSection
EndGlobal
